{
    "_readme": [
        "This file locks the dependencies of your project to a known state",
        "Read more about it at https://getcomposer.org/doc/01-basic-usage.md#composer-lock-the-lock-file",
        "This file is @generated automatically"
    ],
    "hash": "a59e754782cac98e65dab3a70dd474a5",
    "packages": [
        {
            "name": "openbizx/openbizx",
            "version": "dev-master",
            "source": {
                "type": "git",
                "url": "https://github.com/openbizx/openbizx.git",
                "reference": "cc0a0341c294d230c084370d46e7f0f705c8e83b"
            },
            "dist": {
                "type": "zip",
                "url": "https://api.github.com/repos/openbizx/openbizx/zipball/cc0a0341c294d230c084370d46e7f0f705c8e83b",
                "reference": "cc0a0341c294d230c084370d46e7f0f705c8e83b",
                "shasum": ""
            },
            "require": {
                "ext-mbstring": "*",
                "lib-pcre": "*",
                "php": ">=5.4.0",
                "smarty/smarty": "*",
                "zf1/zend-cache": ">=1.12.11",
                "zf1/zend-db": "1.*",
                "zf1/zend-json": "1.*",
                "zf1/zend-log": "1.*",
                "zf1/zend-mail": "1.*",
                "zf1/zend-validate": "1.*",
                "zf1/zend-view": "1.*"
            },
            "replace": {
                "openbizx/openbizx": "self.version"
            },
            "require-dev": {
                "cebe/indent": "*",
                "phpunit/phpunit": "~4.4"
            },
            "type": "library",
            "autoload": {
                "psr-4": {
                    "Openbizx\\": "src/"
                }
            },
            "notification-url": "https://packagist.org/downloads/",
            "license": [
                "BSD-3-Clause"
            ],
            "authors": [
                {
                    "name": "Agus Suhartono",
                    "email": "agus.suhartono@gmail.com",
                    "homepage": "http://www.binexa.com/",
                    "role": "co-Founder and project lead"
                },
                {
                    "name": "Openbizx Community",
                    "homepage": "https://github.com/openbizx/openbizx/graphs/contributors"
                }
            ],
            "description": "Openbizx PHP Framework",
            "homepage": "http://openbizx.github.io/",
            "keywords": [
                "enterprise",
                "framework",
                "metadata",
                "openbizx"
            ],
            "time": "2015-11-21 04:38:07"
        },
        {
            "name": "smarty/smarty",
            "version": "dev-master",
            "source": {
                "type": "git",
                "url": "https://github.com/smarty-php/smarty.git",
                "reference": "5ca1cd485f98af16acc3792842ba259b5ccaf885"
            },
            "dist": {
                "type": "zip",
                "url": "https://api.github.com/repos/smarty-php/smarty/zipball/5ca1cd485f98af16acc3792842ba259b5ccaf885",
                "reference": "5ca1cd485f98af16acc3792842ba259b5ccaf885",
                "shasum": ""
            },
            "require": {
                "php": ">=5.2"
            },
            "type": "library",
            "extra": {
                "branch-alias": {
                    "dev-master": "3.1.x-dev"
                }
            },
            "autoload": {
                "classmap": [
                    "libs/Smarty.class.php",
                    "libs/SmartyBC.class.php",
                    "libs/sysplugins/"
                ]
            },
            "notification-url": "https://packagist.org/downloads/",
            "license": [
                "LGPL-3.0"
            ],
            "authors": [
                {
                    "name": "Monte Ohrt",
                    "email": "monte@ohrt.com"
                },
                {
                    "name": "Uwe Tews",
                    "email": "uwe.tews@googlemail.com"
                },
                {
                    "name": "Rodney Rehm",
                    "email": "rodney.rehm@medialize.de"
                }
            ],
            "description": "Smarty - the compiling PHP template engine",
            "homepage": "http://www.smarty.net",
            "keywords": [
                "templating"
            ],
            "time": "2015-11-02 22:04:52"
        },
        {
            "name": "zf1/zend-cache",
            "version": "1.12.11",
            "source": {
                "type": "git",
                "url": "https://github.com/zf1/zend-cache.git",
                "reference": "c3a6fc20f5d5c5ab7adc16f29f33eb5b2e00d86e"
            },
            "dist": {
                "type": "zip",
                "url": "https://api.github.com/repos/zf1/zend-cache/zipball/c3a6fc20f5d5c5ab7adc16f29f33eb5b2e00d86e",
                "reference": "c3a6fc20f5d5c5ab7adc16f29f33eb5b2e00d86e",
                "shasum": ""
            },
            "require": {
                "php": ">=5.2.11",
                "zf1/zend-exception": "self.version"
            },
            "suggest": {
                "zf1/zend-log": "Used in special situations or with special adapters"
            },
            "type": "library",
            "autoload": {
                "psr-0": {
                    "Zend_Cache": "library/"
                }
            },
            "notification-url": "https://packagist.org/downloads/",
            "license": [
                "BSD-3-Clause"
            ],
            "description": "Zend Framework 1 Cache package",
            "homepage": "http://framework.zend.com/",
            "keywords": [
                "ZF1",
                "cache",
                "framework",
                "zend"
            ],
            "time": "2015-04-30 11:07:42"
        },
        {
            "name": "zf1/zend-config",
            "version": "1.12.11",
            "source": {
                "type": "git",
                "url": "https://github.com/zf1/zend-config.git",
                "reference": "2a1e588782d74e22d73682dc71fa4a7e193d52c4"
            },
            "dist": {
                "type": "zip",
                "url": "https://api.github.com/repos/zf1/zend-config/zipball/2a1e588782d74e22d73682dc71fa4a7e193d52c4",
                "reference": "2a1e588782d74e22d73682dc71fa4a7e193d52c4",
                "shasum": ""
            },
            "require": {
                "php": ">=5.2.11",
                "zf1/zend-exception": "self.version",
                "zf1/zend-xml": "self.version"
            },
            "type": "library",
            "autoload": {
                "psr-0": {
                    "Zend_Config": "library/"
                }
            },
            "notification-url": "https://packagist.org/downloads/",
            "license": [
                "BSD-3-Clause"
            ],
            "description": "Zend Framework 1 Config package",
            "homepage": "http://framework.zend.com/",
            "keywords": [
                "ZF1",
                "config",
                "framework",
                "zend"
            ],
            "time": "2015-04-30 11:10:35"
        },
        {
            "name": "zf1/zend-controller",
            "version": "1.12.11",
            "source": {
                "type": "git",
                "url": "https://github.com/zf1/zend-controller.git",
                "reference": "91c2b827fc99078c4d13fb37bfd517e18b224ebb"
            },
            "dist": {
                "type": "zip",
                "url": "https://api.github.com/repos/zf1/zend-controller/zipball/91c2b827fc99078c4d13fb37bfd517e18b224ebb",
                "reference": "91c2b827fc99078c4d13fb37bfd517e18b224ebb",
                "shasum": ""
            },
            "require": {
                "php": ">=5.2.11",
                "zf1/zend-config": "self.version",
                "zf1/zend-exception": "self.version",
                "zf1/zend-loader": "self.version",
                "zf1/zend-registry": "self.version",
                "zf1/zend-uri": "self.version",
                "zf1/zend-view": "self.version",
                "zf1/zend-xml": "self.version"
            },
            "suggest": {
                "zf1/zend-dojo": "Used in special situations or with special adapters",
                "zf1/zend-filter": "Used in special situations or with special adapters",
                "zf1/zend-json": "Used in special situations or with special adapters",
                "zf1/zend-layout": "Used in special situations or with special adapters"
            },
            "type": "library",
            "autoload": {
                "psr-0": {
                    "Zend_Controller": "library/"
                }
            },
            "notification-url": "https://packagist.org/downloads/",
            "license": [
                "BSD-3-Clause"
            ],
            "description": "Zend Framework 1 Controller package",
            "homepage": "http://framework.zend.com/",
            "keywords": [
                "ZF1",
                "controller",
                "framework",
                "zend"
            ],
            "time": "2015-04-30 11:26:41"
        },
        {
            "name": "zf1/zend-db",
            "version": "1.12.11",
            "source": {
                "type": "git",
                "url": "https://github.com/zf1/zend-db.git",
                "reference": "67a2a05a0dce937a88af4d5d1267261db700c159"
            },
            "dist": {
                "type": "zip",
                "url": "https://api.github.com/repos/zf1/zend-db/zipball/67a2a05a0dce937a88af4d5d1267261db700c159",
                "reference": "67a2a05a0dce937a88af4d5d1267261db700c159",
                "shasum": ""
            },
            "require": {
                "php": ">=5.2.11",
                "zf1/zend-exception": "self.version",
                "zf1/zend-loader": "self.version"
            },
            "suggest": {
                "zf1/zend-registry": "Used in special situations or with special adapters",
                "zf1/zend-wildfire": "Used in special situations or with special adapters"
            },
            "type": "library",
            "autoload": {
                "psr-0": {
                    "Zend_Db": "library/"
                }
            },
            "notification-url": "https://packagist.org/downloads/",
            "license": [
                "BSD-3-Clause"
            ],
            "description": "Zend Framework 1 Db package",
            "homepage": "http://framework.zend.com/",
            "keywords": [
                "ZF1",
                "db",
                "framework",
                "zend"
            ],
            "time": "2015-04-30 11:09:54"
        },
        {
            "name": "zf1/zend-exception",
            "version": "1.12.11",
            "source": {
                "type": "git",
                "url": "https://github.com/zf1/zend-exception.git",
                "reference": "ca30959d3e2f522f481a3d1459386acf1aa4ca74"
            },
            "dist": {
                "type": "zip",
                "url": "https://api.github.com/repos/zf1/zend-exception/zipball/ca30959d3e2f522f481a3d1459386acf1aa4ca74",
                "reference": "ca30959d3e2f522f481a3d1459386acf1aa4ca74",
                "shasum": ""
            },
            "require": {
                "php": ">=5.2.11"
            },
            "type": "library",
            "autoload": {
                "psr-0": {
                    "Zend_Exception": "library/"
                }
            },
            "notification-url": "https://packagist.org/downloads/",
            "license": [
                "BSD-3-Clause"
            ],
            "description": "Zend Framework 1 Exception package",
            "homepage": "http://framework.zend.com/",
            "keywords": [
                "ZF1",
                "exception",
                "framework",
                "zend"
            ],
            "time": "2015-04-30 11:10:20"
        },
        {
            "name": "zf1/zend-json",
            "version": "1.12.11",
            "source": {
                "type": "git",
                "url": "https://github.com/zf1/zend-json.git",
                "reference": "dbf5d4b46bdf6299bf1f7c6b1ef7311e4299602f"
            },
            "dist": {
                "type": "zip",
                "url": "https://api.github.com/repos/zf1/zend-json/zipball/dbf5d4b46bdf6299bf1f7c6b1ef7311e4299602f",
                "reference": "dbf5d4b46bdf6299bf1f7c6b1ef7311e4299602f",
                "shasum": ""
            },
            "require": {
                "php": ">=5.2.11",
                "zf1/zend-exception": "self.version",
                "zf1/zend-loader": "self.version",
                "zf1/zend-server": "self.version",
                "zf1/zend-xml": "self.version"
            },
            "type": "library",
            "autoload": {
                "psr-0": {
                    "Zend_Json": "library/"
                }
            },
            "notification-url": "https://packagist.org/downloads/",
            "license": [
                "BSD-3-Clause"
            ],
            "description": "Zend Framework 1 Json package",
            "homepage": "http://framework.zend.com/",
            "keywords": [
                "ZF1",
                "framework",
                "json",
                "zend"
            ],
            "time": "2015-04-30 11:11:12"
        },
        {
            "name": "zf1/zend-loader",
            "version": "1.12.11",
            "source": {
                "type": "git",
                "url": "https://github.com/zf1/zend-loader.git",
                "reference": "42c49c862bf095bdd64e9f1728cb04051c2c2abe"
            },
            "dist": {
                "type": "zip",
                "url": "https://api.github.com/repos/zf1/zend-loader/zipball/42c49c862bf095bdd64e9f1728cb04051c2c2abe",
                "reference": "42c49c862bf095bdd64e9f1728cb04051c2c2abe",
                "shasum": ""
            },
            "require": {
                "php": ">=5.2.11",
                "zf1/zend-exception": "self.version"
            },
            "type": "library",
            "autoload": {
                "psr-0": {
                    "Zend_Loader": "library/"
                }
            },
            "notification-url": "https://packagist.org/downloads/",
            "license": [
                "BSD-3-Clause"
            ],
            "description": "Zend Framework 1 Loader package",
            "homepage": "http://framework.zend.com/",
            "keywords": [
                "ZF1",
                "framework",
                "loader",
                "zend"
            ],
            "time": "2015-04-30 11:07:31"
        },
        {
            "name": "zf1/zend-locale",
            "version": "1.12.11",
            "source": {
                "type": "git",
                "url": "https://github.com/zf1/zend-locale.git",
                "reference": "370ec210a082221d83edf6d057371f0393733c8f"
            },
            "dist": {
                "type": "zip",
                "url": "https://api.github.com/repos/zf1/zend-locale/zipball/370ec210a082221d83edf6d057371f0393733c8f",
                "reference": "370ec210a082221d83edf6d057371f0393733c8f",
                "shasum": ""
            },
            "require": {
                "php": ">=5.2.11",
                "zf1/zend-cache": "self.version",
                "zf1/zend-exception": "self.version",
                "zf1/zend-xml": "self.version"
            },
            "suggest": {
                "zf1/zend-registry": "Used in special situations or with special adapters"
            },
            "type": "library",
            "autoload": {
                "psr-0": {
                    "Zend_Locale": "library/"
                }
            },
            "notification-url": "https://packagist.org/downloads/",
            "license": [
                "BSD-3-Clause"
            ],
            "description": "Zend Framework 1 Locale package",
            "homepage": "http://framework.zend.com/",
            "keywords": [
                "ZF1",
                "framework",
                "locale",
                "zend"
            ],
            "time": "2015-04-30 11:10:41"
        },
        {
            "name": "zf1/zend-log",
            "version": "1.12.11",
            "source": {
                "type": "git",
                "url": "https://github.com/zf1/zend-log.git",
                "reference": "2610fa8cab4e12490d61ef6bfa70239b3439cc18"
            },
            "dist": {
                "type": "zip",
                "url": "https://api.github.com/repos/zf1/zend-log/zipball/2610fa8cab4e12490d61ef6bfa70239b3439cc18",
                "reference": "2610fa8cab4e12490d61ef6bfa70239b3439cc18",
                "shasum": ""
            },
            "require": {
                "php": ">=5.2.11",
                "zf1/zend-exception": "self.version"
            },
            "suggest": {
                "zf1/zend-wildfire": "Used in special situations or with special adapters"
            },
            "type": "library",
            "autoload": {
                "psr-0": {
                    "Zend_Log": "library/"
                }
            },
            "notification-url": "https://packagist.org/downloads/",
            "license": [
                "BSD-3-Clause"
            ],
            "description": "Zend Framework 1 Log package",
            "homepage": "http://framework.zend.com/",
            "keywords": [
                "ZF1",
                "framework",
                "log",
                "zend"
            ],
            "time": "2015-04-30 11:11:42"
        },
        {
            "name": "zf1/zend-mail",
            "version": "1.12.11",
            "source": {
                "type": "git",
                "url": "https://github.com/zf1/zend-mail.git",
                "reference": "24c8847df94836006c1e0f2dd4209dd46fa11bf1"
            },
            "dist": {
                "type": "zip",
                "url": "https://api.github.com/repos/zf1/zend-mail/zipball/24c8847df94836006c1e0f2dd4209dd46fa11bf1",
                "reference": "24c8847df94836006c1e0f2dd4209dd46fa11bf1",
                "shasum": ""
            },
            "require": {
                "php": ">=5.2.11",
                "zf1/zend-exception": "self.version",
                "zf1/zend-loader": "self.version",
                "zf1/zend-mime": "self.version",
                "zf1/zend-validate": "self.version"
            },
            "type": "library",
            "autoload": {
                "psr-0": {
                    "Zend_Mail": "library/"
                }
            },
            "notification-url": "https://packagist.org/downloads/",
            "license": [
                "BSD-3-Clause"
            ],
            "description": "Zend Framework 1 Mail package",
            "homepage": "http://framework.zend.com/",
            "keywords": [
                "ZF1",
                "framework",
                "mail",
                "zend"
            ],
            "time": "2015-04-30 11:12:23"
        },
        {
            "name": "zf1/zend-mime",
            "version": "1.12.11",
            "source": {
                "type": "git",
                "url": "https://github.com/zf1/zend-mime.git",
                "reference": "1ad54a9851dadfb0b1dc67268baf0db4fb0112b0"
            },
            "dist": {
                "type": "zip",
                "url": "https://api.github.com/repos/zf1/zend-mime/zipball/1ad54a9851dadfb0b1dc67268baf0db4fb0112b0",
                "reference": "1ad54a9851dadfb0b1dc67268baf0db4fb0112b0",
                "shasum": ""
            },
            "require": {
                "php": ">=5.2.11",
                "zf1/zend-exception": "self.version"
            },
            "type": "library",
            "autoload": {
                "psr-0": {
                    "Zend_Mime": "library/"
                }
            },
            "notification-url": "https://packagist.org/downloads/",
            "license": [
                "BSD-3-Clause"
            ],
            "description": "Zend Framework 1 Mime package",
            "homepage": "http://framework.zend.com/",
            "keywords": [
                "ZF1",
                "framework",
                "mime",
                "zend"
            ],
            "time": "2015-04-30 11:08:38"
        },
        {
            "name": "zf1/zend-registry",
            "version": "1.12.11",
            "source": {
                "type": "git",
                "url": "https://github.com/zf1/zend-registry.git",
                "reference": "179f22e1e5438bc9bd4efeb59b1fd6de5b95c6b8"
            },
            "dist": {
                "type": "zip",
                "url": "https://api.github.com/repos/zf1/zend-registry/zipball/179f22e1e5438bc9bd4efeb59b1fd6de5b95c6b8",
                "reference": "179f22e1e5438bc9bd4efeb59b1fd6de5b95c6b8",
                "shasum": ""
            },
            "require": {
                "php": ">=5.2.11",
                "zf1/zend-exception": "self.version"
            },
            "suggest": {
                "zf1/zend-loader": "Used in special situations or with special adapters"
            },
            "type": "library",
            "autoload": {
                "psr-0": {
                    "Zend_Registry": "library/"
                }
            },
            "notification-url": "https://packagist.org/downloads/",
            "license": [
                "BSD-3-Clause"
            ],
            "description": "Zend Framework 1 Registry package",
            "homepage": "http://framework.zend.com/",
            "keywords": [
                "ZF1",
                "framework",
                "registry",
                "zend"
            ],
            "time": "2015-04-30 11:14:26"
        },
        {
            "name": "zf1/zend-server",
            "version": "1.12.11",
            "source": {
                "type": "git",
                "url": "https://github.com/zf1/zend-server.git",
                "reference": "ce8242896b3d63a51f3984ef1d6ed9cc9c67e547"
            },
            "dist": {
                "type": "zip",
                "url": "https://api.github.com/repos/zf1/zend-server/zipball/ce8242896b3d63a51f3984ef1d6ed9cc9c67e547",
                "reference": "ce8242896b3d63a51f3984ef1d6ed9cc9c67e547",
                "shasum": ""
            },
            "require": {
                "php": ">=5.2.11",
                "zf1/zend-exception": "self.version"
            },
            "type": "library",
            "autoload": {
                "psr-0": {
                    "Zend_Server": "library/"
                }
            },
            "notification-url": "https://packagist.org/downloads/",
            "license": [
                "BSD-3-Clause"
            ],
            "description": "Zend Framework 1 Server package",
            "homepage": "http://framework.zend.com/",
            "keywords": [
                "ZF1",
                "framework",
                "server",
                "zend"
            ],
            "time": "2015-04-30 11:11:32"
        },
        {
            "name": "zf1/zend-uri",
            "version": "1.12.11",
            "source": {
                "type": "git",
                "url": "https://github.com/zf1/zend-uri.git",
                "reference": "73964522a8a5041798cc8edad1e81fa0879737f2"
            },
            "dist": {
                "type": "zip",
                "url": "https://api.github.com/repos/zf1/zend-uri/zipball/73964522a8a5041798cc8edad1e81fa0879737f2",
                "reference": "73964522a8a5041798cc8edad1e81fa0879737f2",
                "shasum": ""
            },
            "require": {
                "php": ">=5.2.11",
                "zf1/zend-exception": "self.version",
                "zf1/zend-loader": "self.version",
                "zf1/zend-locale": "self.version",
                "zf1/zend-validate": "self.version"
            },
            "suggest": {
                "zf1/zend-date": "Used in special situations or with special adapters",
                "zf1/zend-filter": "Used in special situations or with special adapters",
                "zf1/zend-registry": "Used in special situations or with special adapters"
            },
            "type": "library",
            "autoload": {
                "psr-0": {
                    "Zend_Uri": "library/"
                }
            },
            "notification-url": "https://packagist.org/downloads/",
            "license": [
                "BSD-3-Clause"
            ],
            "description": "Zend Framework 1 Uri package",
            "homepage": "http://framework.zend.com/",
            "keywords": [
                "ZF1",
                "framework",
                "uri",
                "zend"
            ],
            "time": "2015-04-30 11:09:34"
        },
        {
            "name": "zf1/zend-validate",
            "version": "1.12.11",
            "source": {
                "type": "git",
                "url": "https://github.com/zf1/zend-validate.git",
                "reference": "ec46021e393fff2760de5f7e3629c6997fafb3ad"
            },
            "dist": {
                "type": "zip",
                "url": "https://api.github.com/repos/zf1/zend-validate/zipball/ec46021e393fff2760de5f7e3629c6997fafb3ad",
                "reference": "ec46021e393fff2760de5f7e3629c6997fafb3ad",
                "shasum": ""
            },
            "require": {
                "php": ">=5.2.11",
                "zf1/zend-exception": "self.version",
                "zf1/zend-loader": "self.version",
                "zf1/zend-locale": "self.version"
            },
            "suggest": {
                "zf1/zend-date": "Used in special situations or with special adapters",
                "zf1/zend-filter": "Used in special situations or with special adapters",
                "zf1/zend-registry": "Used in special situations or with special adapters"
            },
            "type": "library",
            "autoload": {
                "psr-0": {
                    "Zend_Validate": "library/"
                }
            },
            "notification-url": "https://packagist.org/downloads/",
            "license": [
                "BSD-3-Clause"
            ],
            "description": "Zend Framework 1 Validate package",
            "homepage": "http://framework.zend.com/",
            "keywords": [
                "ZF1",
                "framework",
                "validate",
                "zend"
            ],
            "time": "2015-04-30 11:08:13"
        },
        {
            "name": "zf1/zend-view",
            "version": "1.12.11",
            "source": {
                "type": "git",
                "url": "https://github.com/zf1/zend-view.git",
                "reference": "2450eac4be12c153be91a65b01d18a0bb98fa5c2"
            },
            "dist": {
                "type": "zip",
                "url": "https://api.github.com/repos/zf1/zend-view/zipball/2450eac4be12c153be91a65b01d18a0bb98fa5c2",
                "reference": "2450eac4be12c153be91a65b01d18a0bb98fa5c2",
                "shasum": ""
            },
            "require": {
                "php": ">=5.2.11",
                "zf1/zend-controller": "self.version",
                "zf1/zend-exception": "self.version",
                "zf1/zend-loader": "self.version",
                "zf1/zend-locale": "self.version",
                "zf1/zend-registry": "self.version"
            },
            "suggest": {
                "zf1/zend-json": "Used in special situations or with special adapters",
                "zf1/zend-layout": "Used in special situations or with special adapters"
            },
            "type": "library",
            "autoload": {
                "psr-0": {
                    "Zend_View": "library/"
                }
            },
            "notification-url": "https://packagist.org/downloads/",
            "license": [
                "BSD-3-Clause"
            ],
            "description": "Zend Framework 1 View package",
            "homepage": "http://framework.zend.com/",
            "keywords": [
                "ZF1",
                "framework",
                "view",
                "zend"
            ],
            "time": "2015-04-30 11:22:48"
        },
        {
            "name": "zf1/zend-xml",
            "version": "1.12.11",
            "source": {
                "type": "git",
                "url": "https://github.com/zf1/zend-xml.git",
                "reference": "330ca342f69ad446b874158acc9b90dc43d9bbaa"
            },
            "dist": {
                "type": "zip",
                "url": "https://api.github.com/repos/zf1/zend-xml/zipball/330ca342f69ad446b874158acc9b90dc43d9bbaa",
                "reference": "330ca342f69ad446b874158acc9b90dc43d9bbaa",
                "shasum": ""
            },
            "require": {
                "php": ">=5.2.11",
                "zf1/zend-exception": "self.version"
            },
            "type": "library",
            "autoload": {
                "psr-0": {
                    "Zend_Xml": "library/"
                }
            },
            "notification-url": "https://packagist.org/downloads/",
            "license": [
                "BSD-3-Clause"
            ],
            "description": "Zend Framework 1 Xml package",
            "homepage": "http://framework.zend.com/",
            "keywords": [
                "ZF1",
                "framework",
                "xml",
                "zend"
            ],
            "time": "2015-04-30 11:12:33"
        }
    ],
    "packages-dev": [],
    "aliases": [],
    "minimum-stability": "dev",
    "stability-flags": [],
    "prefer-stable": false,
    "prefer-lowest": false,
    "platform": {
        "php": ">=5.4.0"
    },
    "platform-dev": []
}
